
Microsoft Visual Studio Solution File, Format Version 12.00
# Visual Studio Version 17
VisualStudioVersion = 17.4.33205.214
MinimumVisualStudioVersion = 10.0.40219.1
Project("{8BC9CEB8-8B4A-11D0-8D11-00A0C91BC942}") = "Telemetry_V2", "Telemetry_V2\Telemetry_V2.vcxproj", "{9119BD89-0E68-4266-A611-ED1B8DA11AD1}"
EndProject
Project("{2150E333-8FDC-42A3-9474-1A3956D46DE8}") = "Solution Items", "Solution Items", "{A27B56BD-7C82-4BB3-BBB4-6B2069C36CFF}"
	ProjectSection(SolutionItems) = preProject
		README.md = README.md
	EndProjectSection
EndProject
Global
	GlobalSection(SolutionConfigurationPlatforms) = preSolution
		Debug|x64 = Debug|x64
		Debug|x86 = Debug|x86
		Release|x64 = Release|x64
		Release|x86 = Release|x86
	EndGlobalSection
	GlobalSection(ProjectConfigurationPlatforms) = postSolution
		{9119BD89-0E68-4266-A611-ED1B8DA11AD1}.Debug|x64.ActiveCfg = Debug|x64
		{9119BD89-0E68-4266-A611-ED1B8DA11AD1}.Debug|x64.Build.0 = Debug|x64
		{9119BD89-0E68-4266-A611-ED1B8DA11AD1}.Debug|x86.ActiveCfg = Debug|Win32
		{9119BD89-0E68-4266-A611-ED1B8DA11AD1}.Debug|x86.Build.0 = Debug|Win32
		{9119BD89-0E68-4266-A611-ED1B8DA11AD1}.Release|x64.ActiveCfg = Release|x64
		{9119BD89-0E68-4266-A611-ED1B8DA11AD1}.Release|x64.Build.0 = Release|x64
		{9119BD89-0E68-4266-A611-ED1B8DA11AD1}.Release|x86.ActiveCfg = Release|Win32
		{9119BD89-0E68-4266-A611-ED1B8DA11AD1}.Release|x86.Build.0 = Release|Win32
	EndGlobalSection
	GlobalSection(SolutionProperties) = preSolution
		HideSolutionNode = FALSE
	EndGlobalSection
	GlobalSection(ExtensibilityGlobals) = postSolution
		SolutionGuid = {31C1C1F5-530F-4EDB-86B1-EA02DC709D5D}
	EndGlobalSection
EndGlobal
